
Microsoft Visual Studio Solution File, Format Version 12.00
# Visual Studio Version 17
VisualStudioVersion = 17.9.34622.214
MinimumVisualStudioVersion = 10.0.40219.1
Project("{FAE04EC0-301F-11D3-BF4B-00C04F79EFBC}") = "HarithmaWashPrinter", "ConsoleApp1\HarithmaWashPrinter.csproj", "{739B0D3D-562D-417D-91C2-A9A30187E0B0}"
EndProject
Global
	GlobalSection(SolutionConfigurationPlatforms) = preSolution
		Debug|Any CPU = Debug|Any CPU
		Release|Any CPU = Release|Any CPU
	EndGlobalSection
	GlobalSection(ProjectConfigurationPlatforms) = postSolution
		{739B0D3D-562D-417D-91C2-A9A30187E0B0}.Debug|Any CPU.ActiveCfg = Debug|Any CPU
		{739B0D3D-562D-417D-91C2-A9A30187E0B0}.Debug|Any CPU.Build.0 = Debug|Any CPU
		{739B0D3D-562D-417D-91C2-A9A30187E0B0}.Release|Any CPU.ActiveCfg = Release|Any CPU
		{739B0D3D-562D-417D-91C2-A9A30187E0B0}.Release|Any CPU.Build.0 = Release|Any CPU
	EndGlobalSection
	GlobalSection(SolutionProperties) = preSolution
		HideSolutionNode = FALSE
	EndGlobalSection
	GlobalSection(ExtensibilityGlobals) = postSolution
		SolutionGuid = {2C9CE9E0-67B8-428C-B94A-B26D76AFABBA}
	EndGlobalSection
EndGlobal
